
Microsoft Visual Studio Solution File, Format Version 12.00
Project("{2150E333-8FDC-42A3-9474-1A3956D46DE8}") = "src", "src", "{A57B47D3-E781-41A9-A048-CC33E54F7119}"
EndProject
Project("{FAE04EC0-301F-11D3-BF4B-00C04F79EFBC}") = "Host", "src\Host\Host.csproj", "{C0D5E747-8C3C-4B4F-8116-D5E1F27BD4E3}"
EndProject
Global
	GlobalSection(SolutionConfigurationPlatforms) = preSolution
		Debug|Any CPU = Debug|Any CPU
		Release|Any CPU = Release|Any CPU
	EndGlobalSection
	GlobalSection(NestedProjects) = preSolution
		{C0D5E747-8C3C-4B4F-8116-D5E1F27BD4E3} = {A57B47D3-E781-41A9-A048-CC33E54F7119}
	EndGlobalSection
	GlobalSection(ProjectConfigurationPlatforms) = postSolution
		{C0D5E747-8C3C-4B4F-8116-D5E1F27BD4E3}.Debug|Any CPU.ActiveCfg = Debug|Any CPU
		{C0D5E747-8C3C-4B4F-8116-D5E1F27BD4E3}.Debug|Any CPU.Build.0 = Debug|Any CPU
		{C0D5E747-8C3C-4B4F-8116-D5E1F27BD4E3}.Release|Any CPU.ActiveCfg = Release|Any CPU
		{C0D5E747-8C3C-4B4F-8116-D5E1F27BD4E3}.Release|Any CPU.Build.0 = Release|Any CPU
	EndGlobalSection
EndGlobal
