
Microsoft Visual Studio Solution File, Format Version 12.00
Project("{2150E333-8FDC-42A3-9474-1A3956D46DE8}") = "src", "src", "{35F5B89A-A008-45F3-90B7-FF761649F1FB}"
EndProject
Project("{FAE04EC0-301F-11D3-BF4B-00C04F79EFBC}") = "Host", "src\Host\Host.csproj", "{0F1E0F62-4F12-45E5-83DC-DD502ED00467}"
EndProject
Project("{FAE04EC0-301F-11D3-BF4B-00C04F79EFBC}") = "Data", "src\Data\Data.csproj", "{658CB892-1D7A-48B4-B313-FE2E325C210D}"
EndProject
Project("{FAE04EC0-301F-11D3-BF4B-00C04F79EFBC}") = "Services", "src\Services\Services.csproj", "{55FCD71F-68F0-40E7-AF9C-AF2C6905C5DA}"
EndProject
Global
	GlobalSection(SolutionConfigurationPlatforms) = preSolution
		Debug|Any CPU = Debug|Any CPU
		Release|Any CPU = Release|Any CPU
	EndGlobalSection
	GlobalSection(NestedProjects) = preSolution
		{0F1E0F62-4F12-45E5-83DC-DD502ED00467} = {35F5B89A-A008-45F3-90B7-FF761649F1FB}
		{658CB892-1D7A-48B4-B313-FE2E325C210D} = {35F5B89A-A008-45F3-90B7-FF761649F1FB}
		{55FCD71F-68F0-40E7-AF9C-AF2C6905C5DA} = {35F5B89A-A008-45F3-90B7-FF761649F1FB}
	EndGlobalSection
	GlobalSection(ProjectConfigurationPlatforms) = postSolution
		{0F1E0F62-4F12-45E5-83DC-DD502ED00467}.Debug|Any CPU.ActiveCfg = Debug|Any CPU
		{0F1E0F62-4F12-45E5-83DC-DD502ED00467}.Debug|Any CPU.Build.0 = Debug|Any CPU
		{0F1E0F62-4F12-45E5-83DC-DD502ED00467}.Release|Any CPU.ActiveCfg = Release|Any CPU
		{0F1E0F62-4F12-45E5-83DC-DD502ED00467}.Release|Any CPU.Build.0 = Release|Any CPU
		{658CB892-1D7A-48B4-B313-FE2E325C210D}.Debug|Any CPU.ActiveCfg = Debug|Any CPU
		{658CB892-1D7A-48B4-B313-FE2E325C210D}.Debug|Any CPU.Build.0 = Debug|Any CPU
		{658CB892-1D7A-48B4-B313-FE2E325C210D}.Release|Any CPU.ActiveCfg = Release|Any CPU
		{658CB892-1D7A-48B4-B313-FE2E325C210D}.Release|Any CPU.Build.0 = Release|Any CPU
		{55FCD71F-68F0-40E7-AF9C-AF2C6905C5DA}.Debug|Any CPU.ActiveCfg = Debug|Any CPU
		{55FCD71F-68F0-40E7-AF9C-AF2C6905C5DA}.Debug|Any CPU.Build.0 = Debug|Any CPU
		{55FCD71F-68F0-40E7-AF9C-AF2C6905C5DA}.Release|Any CPU.ActiveCfg = Release|Any CPU
		{55FCD71F-68F0-40E7-AF9C-AF2C6905C5DA}.Release|Any CPU.Build.0 = Release|Any CPU
	EndGlobalSection
EndGlobal
